
Microsoft Visual Studio Solution File, Format Version 12.00
# Visual Studio Version 16
VisualStudioVersion = 16.0.29306.81
MinimumVisualStudioVersion = 10.0.40219.1
Project("{FAE04EC0-301F-11D3-BF4B-00C04F79EFBC}") = "Mail", "App\Mail.csproj", "{E9C46DCC-036E-4499-B8C1-CBEAE80EB850}"
EndProject
Project("{FAE04EC0-301F-11D3-BF4B-00C04F79EFBC}") = "Tests", "Tests\Code\Tests.csproj", "{A560DCE0-33C4-4A95-AA96-1AF4C1DA6806}"
EndProject
Project("{FAE04EC0-301F-11D3-BF4B-00C04F79EFBC}") = "Core", "Lib\Core.csproj", "{74A1E9DB-10FD-4B6F-BEA4-BCB05C550EF9}"
EndProject
Global
	GlobalSection(SolutionConfigurationPlatforms) = preSolution
		Debug|Any CPU = Debug|Any CPU
		Release|Any CPU = Release|Any CPU
	EndGlobalSection
	GlobalSection(ProjectConfigurationPlatforms) = postSolution
		{E9C46DCC-036E-4499-B8C1-CBEAE80EB850}.Debug|Any CPU.ActiveCfg = Debug|Any CPU
		{E9C46DCC-036E-4499-B8C1-CBEAE80EB850}.Debug|Any CPU.Build.0 = Debug|Any CPU
		{E9C46DCC-036E-4499-B8C1-CBEAE80EB850}.Release|Any CPU.ActiveCfg = Release|x86
		{A560DCE0-33C4-4A95-AA96-1AF4C1DA6806}.Debug|Any CPU.ActiveCfg = Debug|Any CPU
		{A560DCE0-33C4-4A95-AA96-1AF4C1DA6806}.Debug|Any CPU.Build.0 = Debug|Any CPU
		{A560DCE0-33C4-4A95-AA96-1AF4C1DA6806}.Release|Any CPU.ActiveCfg = Release|Any CPU
		{A560DCE0-33C4-4A95-AA96-1AF4C1DA6806}.Release|Any CPU.Build.0 = Release|Any CPU
		{74A1E9DB-10FD-4B6F-BEA4-BCB05C550EF9}.Debug|Any CPU.ActiveCfg = Debug|Any CPU
		{74A1E9DB-10FD-4B6F-BEA4-BCB05C550EF9}.Debug|Any CPU.Build.0 = Debug|Any CPU
		{74A1E9DB-10FD-4B6F-BEA4-BCB05C550EF9}.Release|Any CPU.ActiveCfg = Release|Any CPU
		{74A1E9DB-10FD-4B6F-BEA4-BCB05C550EF9}.Release|Any CPU.Build.0 = Release|Any CPU
	EndGlobalSection
	GlobalSection(SolutionProperties) = preSolution
		HideSolutionNode = FALSE
	EndGlobalSection
	GlobalSection(ExtensibilityGlobals) = postSolution
		SolutionGuid = {4F7611BF-A9DB-4494-984B-22746838C130}
	EndGlobalSection
EndGlobal
